
Microsoft Visual Studio Solution File, Format Version 12.00
# Visual Studio Version 17
VisualStudioVersion = 17.7.34024.191
MinimumVisualStudioVersion = 10.0.40219.1
Project("{FAE04EC0-301F-11D3-BF4B-00C04F79EFBC}") = "AnonymousClass", "AnonymousClass\AnonymousClass.csproj", "{3E1B3FB2-E2D6-4CF7-B4E0-375469039D4F}"
EndProject
Global
	GlobalSection(SolutionConfigurationPlatforms) = preSolution
		Debug|Any CPU = Debug|Any CPU
		Release|Any CPU = Release|Any CPU
	EndGlobalSection
	GlobalSection(ProjectConfigurationPlatforms) = postSolution
		{3E1B3FB2-E2D6-4CF7-B4E0-375469039D4F}.Debug|Any CPU.ActiveCfg = Debug|Any CPU
		{3E1B3FB2-E2D6-4CF7-B4E0-375469039D4F}.Debug|Any CPU.Build.0 = Debug|Any CPU
		{3E1B3FB2-E2D6-4CF7-B4E0-375469039D4F}.Release|Any CPU.ActiveCfg = Release|Any CPU
		{3E1B3FB2-E2D6-4CF7-B4E0-375469039D4F}.Release|Any CPU.Build.0 = Release|Any CPU
	EndGlobalSection
	GlobalSection(SolutionProperties) = preSolution
		HideSolutionNode = FALSE
	EndGlobalSection
	GlobalSection(ExtensibilityGlobals) = postSolution
		SolutionGuid = {F272C1A1-815B-497C-A728-9CB799B4ECBD}
	EndGlobalSection
EndGlobal
