
Microsoft Visual Studio Solution File, Format Version 12.00
# Visual Studio Version 17
VisualStudioVersion = 17.7.34024.191
MinimumVisualStudioVersion = 10.0.40219.1
Project("{FAE04EC0-301F-11D3-BF4B-00C04F79EFBC}") = "PropertyValidation", "PropertyValidation\PropertyValidation.csproj", "{A09CFBFF-9C55-4AC1-99BD-B40A4EC60143}"
EndProject
Global
	GlobalSection(SolutionConfigurationPlatforms) = preSolution
		Debug|Any CPU = Debug|Any CPU
		Release|Any CPU = Release|Any CPU
	EndGlobalSection
	GlobalSection(ProjectConfigurationPlatforms) = postSolution
		{A09CFBFF-9C55-4AC1-99BD-B40A4EC60143}.Debug|Any CPU.ActiveCfg = Debug|Any CPU
		{A09CFBFF-9C55-4AC1-99BD-B40A4EC60143}.Debug|Any CPU.Build.0 = Debug|Any CPU
		{A09CFBFF-9C55-4AC1-99BD-B40A4EC60143}.Release|Any CPU.ActiveCfg = Release|Any CPU
		{A09CFBFF-9C55-4AC1-99BD-B40A4EC60143}.Release|Any CPU.Build.0 = Release|Any CPU
	EndGlobalSection
	GlobalSection(SolutionProperties) = preSolution
		HideSolutionNode = FALSE
	EndGlobalSection
	GlobalSection(ExtensibilityGlobals) = postSolution
		SolutionGuid = {C045B0E1-E70E-4349-9C52-8C067EE703E5}
	EndGlobalSection
EndGlobal
