
Microsoft Visual Studio Solution File, Format Version 12.00
# Visual Studio Version 17
VisualStudioVersion = 17.7.34024.191
MinimumVisualStudioVersion = 10.0.40219.1
Project("{FAE04EC0-301F-11D3-BF4B-00C04F79EFBC}") = "AsyncAwaitDescription", "AsyncAwaitDescription\AsyncAwaitDescription.csproj", "{204B0A1F-3E32-4EF6-A48F-68F913D8A74A}"
EndProject
Global
	GlobalSection(SolutionConfigurationPlatforms) = preSolution
		Debug|Any CPU = Debug|Any CPU
		Release|Any CPU = Release|Any CPU
	EndGlobalSection
	GlobalSection(ProjectConfigurationPlatforms) = postSolution
		{204B0A1F-3E32-4EF6-A48F-68F913D8A74A}.Debug|Any CPU.ActiveCfg = Debug|Any CPU
		{204B0A1F-3E32-4EF6-A48F-68F913D8A74A}.Debug|Any CPU.Build.0 = Debug|Any CPU
		{204B0A1F-3E32-4EF6-A48F-68F913D8A74A}.Release|Any CPU.ActiveCfg = Release|Any CPU
		{204B0A1F-3E32-4EF6-A48F-68F913D8A74A}.Release|Any CPU.Build.0 = Release|Any CPU
	EndGlobalSection
	GlobalSection(SolutionProperties) = preSolution
		HideSolutionNode = FALSE
	EndGlobalSection
	GlobalSection(ExtensibilityGlobals) = postSolution
		SolutionGuid = {859BBCB2-FD91-417E-8A7C-652315BB5A79}
	EndGlobalSection
EndGlobal
