
Microsoft Visual Studio Solution File, Format Version 12.00
# Visual Studio Version 17
VisualStudioVersion = 17.7.34024.191
MinimumVisualStudioVersion = 10.0.40219.1
Project("{FAE04EC0-301F-11D3-BF4B-00C04F79EFBC}") = "FromWhereSelect", "FromWhereSelect\FromWhereSelect.csproj", "{0E73A559-0D90-43EB-B67E-04F8622D0E14}"
EndProject
Global
	GlobalSection(SolutionConfigurationPlatforms) = preSolution
		Debug|Any CPU = Debug|Any CPU
		Release|Any CPU = Release|Any CPU
	EndGlobalSection
	GlobalSection(ProjectConfigurationPlatforms) = postSolution
		{0E73A559-0D90-43EB-B67E-04F8622D0E14}.Debug|Any CPU.ActiveCfg = Debug|Any CPU
		{0E73A559-0D90-43EB-B67E-04F8622D0E14}.Debug|Any CPU.Build.0 = Debug|Any CPU
		{0E73A559-0D90-43EB-B67E-04F8622D0E14}.Release|Any CPU.ActiveCfg = Release|Any CPU
		{0E73A559-0D90-43EB-B67E-04F8622D0E14}.Release|Any CPU.Build.0 = Release|Any CPU
	EndGlobalSection
	GlobalSection(SolutionProperties) = preSolution
		HideSolutionNode = FALSE
	EndGlobalSection
	GlobalSection(ExtensibilityGlobals) = postSolution
		SolutionGuid = {F81A18E8-B980-47D1-B0AB-995ABC9C498F}
	EndGlobalSection
EndGlobal
