
Microsoft Visual Studio Solution File, Format Version 12.00
# Visual Studio Version 17
VisualStudioVersion = 17.7.34024.191
MinimumVisualStudioVersion = 10.0.40219.1
Project("{FAE04EC0-301F-11D3-BF4B-00C04F79EFBC}") = "InterfaceFriends", "InterfaceFriends\InterfaceFriends.csproj", "{F2B87B41-9E63-4D65-8A43-161EF454E081}"
EndProject
Project("{9A19103F-16F7-4668-BE54-9A1E7A4F7556}") = "BlazorApp1", "..\..\blazor\BlazorApp1\BlazorApp1\BlazorApp1.csproj", "{97525EBA-EBBC-4E2D-9867-B2D10C1D56E2}"
EndProject
Global
	GlobalSection(SolutionConfigurationPlatforms) = preSolution
		Debug|Any CPU = Debug|Any CPU
		Release|Any CPU = Release|Any CPU
	EndGlobalSection
	GlobalSection(ProjectConfigurationPlatforms) = postSolution
		{F2B87B41-9E63-4D65-8A43-161EF454E081}.Debug|Any CPU.ActiveCfg = Debug|Any CPU
		{F2B87B41-9E63-4D65-8A43-161EF454E081}.Debug|Any CPU.Build.0 = Debug|Any CPU
		{F2B87B41-9E63-4D65-8A43-161EF454E081}.Release|Any CPU.ActiveCfg = Release|Any CPU
		{F2B87B41-9E63-4D65-8A43-161EF454E081}.Release|Any CPU.Build.0 = Release|Any CPU
		{97525EBA-EBBC-4E2D-9867-B2D10C1D56E2}.Debug|Any CPU.ActiveCfg = Debug|Any CPU
		{97525EBA-EBBC-4E2D-9867-B2D10C1D56E2}.Debug|Any CPU.Build.0 = Debug|Any CPU
		{97525EBA-EBBC-4E2D-9867-B2D10C1D56E2}.Release|Any CPU.ActiveCfg = Release|Any CPU
		{97525EBA-EBBC-4E2D-9867-B2D10C1D56E2}.Release|Any CPU.Build.0 = Release|Any CPU
	EndGlobalSection
	GlobalSection(SolutionProperties) = preSolution
		HideSolutionNode = FALSE
	EndGlobalSection
	GlobalSection(ExtensibilityGlobals) = postSolution
		SolutionGuid = {391733A3-9FE0-4B78-BBEA-64781DC514B3}
	EndGlobalSection
EndGlobal
