
Microsoft Visual Studio Solution File, Format Version 12.00
# Visual Studio Version 17
VisualStudioVersion = 17.7.34024.191
MinimumVisualStudioVersion = 10.0.40219.1
Project("{FAE04EC0-301F-11D3-BF4B-00C04F79EFBC}") = "NameOfOperator", "NameOfOperator\NameOfOperator.csproj", "{47FF0AE7-1A0C-46F7-B925-7D631C0F5614}"
EndProject
Global
	GlobalSection(SolutionConfigurationPlatforms) = preSolution
		Debug|Any CPU = Debug|Any CPU
		Release|Any CPU = Release|Any CPU
	EndGlobalSection
	GlobalSection(ProjectConfigurationPlatforms) = postSolution
		{47FF0AE7-1A0C-46F7-B925-7D631C0F5614}.Debug|Any CPU.ActiveCfg = Debug|Any CPU
		{47FF0AE7-1A0C-46F7-B925-7D631C0F5614}.Debug|Any CPU.Build.0 = Debug|Any CPU
		{47FF0AE7-1A0C-46F7-B925-7D631C0F5614}.Release|Any CPU.ActiveCfg = Release|Any CPU
		{47FF0AE7-1A0C-46F7-B925-7D631C0F5614}.Release|Any CPU.Build.0 = Release|Any CPU
	EndGlobalSection
	GlobalSection(SolutionProperties) = preSolution
		HideSolutionNode = FALSE
	EndGlobalSection
	GlobalSection(ExtensibilityGlobals) = postSolution
		SolutionGuid = {64C1876D-BD2E-415F-883F-9BF6D98AE08C}
	EndGlobalSection
EndGlobal
