
Microsoft Visual Studio Solution File, Format Version 12.00
# Visual Studio Version 17
VisualStudioVersion = 17.7.34024.191
MinimumVisualStudioVersion = 10.0.40219.1
Project("{FAE04EC0-301F-11D3-BF4B-00C04F79EFBC}") = "IEnumeratorDemo", "IEnumeratorDemo\IEnumeratorDemo.csproj", "{244B3A4E-A700-4801-80FA-6CAC22673442}"
EndProject
Global
	GlobalSection(SolutionConfigurationPlatforms) = preSolution
		Debug|Any CPU = Debug|Any CPU
		Release|Any CPU = Release|Any CPU
	EndGlobalSection
	GlobalSection(ProjectConfigurationPlatforms) = postSolution
		{244B3A4E-A700-4801-80FA-6CAC22673442}.Debug|Any CPU.ActiveCfg = Debug|Any CPU
		{244B3A4E-A700-4801-80FA-6CAC22673442}.Debug|Any CPU.Build.0 = Debug|Any CPU
		{244B3A4E-A700-4801-80FA-6CAC22673442}.Release|Any CPU.ActiveCfg = Release|Any CPU
		{244B3A4E-A700-4801-80FA-6CAC22673442}.Release|Any CPU.Build.0 = Release|Any CPU
	EndGlobalSection
	GlobalSection(SolutionProperties) = preSolution
		HideSolutionNode = FALSE
	EndGlobalSection
	GlobalSection(ExtensibilityGlobals) = postSolution
		SolutionGuid = {00103528-8E04-42BD-A475-437CD81EF99E}
	EndGlobalSection
EndGlobal
