
Microsoft Visual Studio Solution File, Format Version 12.00
# Visual Studio Version 17
VisualStudioVersion = 17.7.34024.191
MinimumVisualStudioVersion = 10.0.40219.1
Project("{FAE04EC0-301F-11D3-BF4B-00C04F79EFBC}") = "ObjectInitializerNote", "ObjectInitializerNote\ObjectInitializerNote.csproj", "{1807E023-52C3-44C4-A638-F54448F0D449}"
EndProject
Global
	GlobalSection(SolutionConfigurationPlatforms) = preSolution
		Debug|Any CPU = Debug|Any CPU
		Release|Any CPU = Release|Any CPU
	EndGlobalSection
	GlobalSection(ProjectConfigurationPlatforms) = postSolution
		{1807E023-52C3-44C4-A638-F54448F0D449}.Debug|Any CPU.ActiveCfg = Debug|Any CPU
		{1807E023-52C3-44C4-A638-F54448F0D449}.Debug|Any CPU.Build.0 = Debug|Any CPU
		{1807E023-52C3-44C4-A638-F54448F0D449}.Release|Any CPU.ActiveCfg = Release|Any CPU
		{1807E023-52C3-44C4-A638-F54448F0D449}.Release|Any CPU.Build.0 = Release|Any CPU
	EndGlobalSection
	GlobalSection(SolutionProperties) = preSolution
		HideSolutionNode = FALSE
	EndGlobalSection
	GlobalSection(ExtensibilityGlobals) = postSolution
		SolutionGuid = {27554CFD-3405-49B4-B985-D2026F3DC160}
	EndGlobalSection
EndGlobal
