
Microsoft Visual Studio Solution File, Format Version 12.00
# Visual Studio Version 17
VisualStudioVersion = 17.7.34024.191
MinimumVisualStudioVersion = 10.0.40219.1
Project("{FAE04EC0-301F-11D3-BF4B-00C04F79EFBC}") = "ArrayGetLengthDemo", "ArrayGetLengthDemo\ArrayGetLengthDemo.csproj", "{DA3D6DFF-EE03-46D0-8CF6-B41FB6F37312}"
EndProject
Global
	GlobalSection(SolutionConfigurationPlatforms) = preSolution
		Debug|Any CPU = Debug|Any CPU
		Release|Any CPU = Release|Any CPU
	EndGlobalSection
	GlobalSection(ProjectConfigurationPlatforms) = postSolution
		{DA3D6DFF-EE03-46D0-8CF6-B41FB6F37312}.Debug|Any CPU.ActiveCfg = Debug|Any CPU
		{DA3D6DFF-EE03-46D0-8CF6-B41FB6F37312}.Debug|Any CPU.Build.0 = Debug|Any CPU
		{DA3D6DFF-EE03-46D0-8CF6-B41FB6F37312}.Release|Any CPU.ActiveCfg = Release|Any CPU
		{DA3D6DFF-EE03-46D0-8CF6-B41FB6F37312}.Release|Any CPU.Build.0 = Release|Any CPU
	EndGlobalSection
	GlobalSection(SolutionProperties) = preSolution
		HideSolutionNode = FALSE
	EndGlobalSection
	GlobalSection(ExtensibilityGlobals) = postSolution
		SolutionGuid = {70F430A2-3B70-4EAF-B69B-C74275553DA7}
	EndGlobalSection
EndGlobal
