
Microsoft Visual Studio Solution File, Format Version 12.00
# Visual Studio Version 17
VisualStudioVersion = 17.7.34024.191
MinimumVisualStudioVersion = 10.0.40219.1
Project("{FAE04EC0-301F-11D3-BF4B-00C04F79EFBC}") = "ReflectionGetProperty", "ReflectionGetProperty\ReflectionGetProperty.csproj", "{770A9AD6-17C1-48C2-A77C-60AB6BDC1503}"
EndProject
Global
	GlobalSection(SolutionConfigurationPlatforms) = preSolution
		Debug|Any CPU = Debug|Any CPU
		Release|Any CPU = Release|Any CPU
	EndGlobalSection
	GlobalSection(ProjectConfigurationPlatforms) = postSolution
		{770A9AD6-17C1-48C2-A77C-60AB6BDC1503}.Debug|Any CPU.ActiveCfg = Debug|Any CPU
		{770A9AD6-17C1-48C2-A77C-60AB6BDC1503}.Debug|Any CPU.Build.0 = Debug|Any CPU
		{770A9AD6-17C1-48C2-A77C-60AB6BDC1503}.Release|Any CPU.ActiveCfg = Release|Any CPU
		{770A9AD6-17C1-48C2-A77C-60AB6BDC1503}.Release|Any CPU.Build.0 = Release|Any CPU
	EndGlobalSection
	GlobalSection(SolutionProperties) = preSolution
		HideSolutionNode = FALSE
	EndGlobalSection
	GlobalSection(ExtensibilityGlobals) = postSolution
		SolutionGuid = {766E1DD6-A208-46F4-AD22-16BA6195DD5E}
	EndGlobalSection
EndGlobal
