
Microsoft Visual Studio Solution File, Format Version 12.00
# Visual Studio Version 17
VisualStudioVersion = 17.7.34024.191
MinimumVisualStudioVersion = 10.0.40219.1
Project("{FAE04EC0-301F-11D3-BF4B-00C04F79EFBC}") = "TupleDeconstructionDescription", "TupleDeconstructionDescription\TupleDeconstructionDescription.csproj", "{5DDF44F2-6ACF-4A9A-9162-B94D030AD45F}"
EndProject
Global
	GlobalSection(SolutionConfigurationPlatforms) = preSolution
		Debug|Any CPU = Debug|Any CPU
		Release|Any CPU = Release|Any CPU
	EndGlobalSection
	GlobalSection(ProjectConfigurationPlatforms) = postSolution
		{5DDF44F2-6ACF-4A9A-9162-B94D030AD45F}.Debug|Any CPU.ActiveCfg = Debug|Any CPU
		{5DDF44F2-6ACF-4A9A-9162-B94D030AD45F}.Debug|Any CPU.Build.0 = Debug|Any CPU
		{5DDF44F2-6ACF-4A9A-9162-B94D030AD45F}.Release|Any CPU.ActiveCfg = Release|Any CPU
		{5DDF44F2-6ACF-4A9A-9162-B94D030AD45F}.Release|Any CPU.Build.0 = Release|Any CPU
	EndGlobalSection
	GlobalSection(SolutionProperties) = preSolution
		HideSolutionNode = FALSE
	EndGlobalSection
	GlobalSection(ExtensibilityGlobals) = postSolution
		SolutionGuid = {EC7D720C-F9CC-4448-A1EE-94305DF2DF2E}
	EndGlobalSection
EndGlobal
