
Microsoft Visual Studio Solution File, Format Version 12.00
# Visual Studio Version 17
VisualStudioVersion = 17.7.34024.191
MinimumVisualStudioVersion = 10.0.40219.1
Project("{FAE04EC0-301F-11D3-BF4B-00C04F79EFBC}") = "FieldArray", "FieldArray\FieldArray.csproj", "{EAF3DD59-AFC1-4EFF-8816-01302C772014}"
EndProject
Global
	GlobalSection(SolutionConfigurationPlatforms) = preSolution
		Debug|Any CPU = Debug|Any CPU
		Release|Any CPU = Release|Any CPU
	EndGlobalSection
	GlobalSection(ProjectConfigurationPlatforms) = postSolution
		{EAF3DD59-AFC1-4EFF-8816-01302C772014}.Debug|Any CPU.ActiveCfg = Debug|Any CPU
		{EAF3DD59-AFC1-4EFF-8816-01302C772014}.Debug|Any CPU.Build.0 = Debug|Any CPU
		{EAF3DD59-AFC1-4EFF-8816-01302C772014}.Release|Any CPU.ActiveCfg = Release|Any CPU
		{EAF3DD59-AFC1-4EFF-8816-01302C772014}.Release|Any CPU.Build.0 = Release|Any CPU
	EndGlobalSection
	GlobalSection(SolutionProperties) = preSolution
		HideSolutionNode = FALSE
	EndGlobalSection
	GlobalSection(ExtensibilityGlobals) = postSolution
		SolutionGuid = {CE24916C-4FDE-4934-9C55-8DDDFB488A5D}
	EndGlobalSection
EndGlobal
