
Microsoft Visual Studio Solution File, Format Version 12.00
# Visual Studio Version 17
VisualStudioVersion = 17.7.34024.191
MinimumVisualStudioVersion = 10.0.40219.1
Project("{FAE04EC0-301F-11D3-BF4B-00C04F79EFBC}") = "BaseKeyword", "BaseKeyword\BaseKeyword.csproj", "{ADFC1693-CBAE-4DAE-9569-973C971BBDCA}"
EndProject
Global
	GlobalSection(SolutionConfigurationPlatforms) = preSolution
		Debug|Any CPU = Debug|Any CPU
		Release|Any CPU = Release|Any CPU
	EndGlobalSection
	GlobalSection(ProjectConfigurationPlatforms) = postSolution
		{ADFC1693-CBAE-4DAE-9569-973C971BBDCA}.Debug|Any CPU.ActiveCfg = Debug|Any CPU
		{ADFC1693-CBAE-4DAE-9569-973C971BBDCA}.Debug|Any CPU.Build.0 = Debug|Any CPU
		{ADFC1693-CBAE-4DAE-9569-973C971BBDCA}.Release|Any CPU.ActiveCfg = Release|Any CPU
		{ADFC1693-CBAE-4DAE-9569-973C971BBDCA}.Release|Any CPU.Build.0 = Release|Any CPU
	EndGlobalSection
	GlobalSection(SolutionProperties) = preSolution
		HideSolutionNode = FALSE
	EndGlobalSection
	GlobalSection(ExtensibilityGlobals) = postSolution
		SolutionGuid = {02CF50BB-3C62-455D-BE23-478CD1697942}
	EndGlobalSection
EndGlobal
