
Microsoft Visual Studio Solution File, Format Version 12.00
# Visual Studio Version 17
VisualStudioVersion = 17.7.34024.191
MinimumVisualStudioVersion = 10.0.40219.1
Project("{FAE04EC0-301F-11D3-BF4B-00C04F79EFBC}") = "Defai;t{ara,eter", "Defai;t{ara,eter\Defai;t{ara,eter.csproj", "{F540D82D-65FB-427C-BDD0-B9F34F79F60A}"
EndProject
Global
	GlobalSection(SolutionConfigurationPlatforms) = preSolution
		Debug|Any CPU = Debug|Any CPU
		Release|Any CPU = Release|Any CPU
	EndGlobalSection
	GlobalSection(ProjectConfigurationPlatforms) = postSolution
		{F540D82D-65FB-427C-BDD0-B9F34F79F60A}.Debug|Any CPU.ActiveCfg = Debug|Any CPU
		{F540D82D-65FB-427C-BDD0-B9F34F79F60A}.Debug|Any CPU.Build.0 = Debug|Any CPU
		{F540D82D-65FB-427C-BDD0-B9F34F79F60A}.Release|Any CPU.ActiveCfg = Release|Any CPU
		{F540D82D-65FB-427C-BDD0-B9F34F79F60A}.Release|Any CPU.Build.0 = Release|Any CPU
	EndGlobalSection
	GlobalSection(SolutionProperties) = preSolution
		HideSolutionNode = FALSE
	EndGlobalSection
	GlobalSection(ExtensibilityGlobals) = postSolution
		SolutionGuid = {67294182-42F6-4042-86F5-98EB6975478A}
	EndGlobalSection
EndGlobal
