
Microsoft Visual Studio Solution File, Format Version 12.00
# Visual Studio Version 17
VisualStudioVersion = 17.7.34024.191
MinimumVisualStudioVersion = 10.0.40219.1
Project("{FAE04EC0-301F-11D3-BF4B-00C04F79EFBC}") = "InterfaceNote", "InterfaceNote\InterfaceNote.csproj", "{94E44EAE-6346-43FC-94E5-FAAC0FB5C18B}"
EndProject
Global
	GlobalSection(SolutionConfigurationPlatforms) = preSolution
		Debug|Any CPU = Debug|Any CPU
		Release|Any CPU = Release|Any CPU
	EndGlobalSection
	GlobalSection(ProjectConfigurationPlatforms) = postSolution
		{94E44EAE-6346-43FC-94E5-FAAC0FB5C18B}.Debug|Any CPU.ActiveCfg = Debug|Any CPU
		{94E44EAE-6346-43FC-94E5-FAAC0FB5C18B}.Debug|Any CPU.Build.0 = Debug|Any CPU
		{94E44EAE-6346-43FC-94E5-FAAC0FB5C18B}.Release|Any CPU.ActiveCfg = Release|Any CPU
		{94E44EAE-6346-43FC-94E5-FAAC0FB5C18B}.Release|Any CPU.Build.0 = Release|Any CPU
	EndGlobalSection
	GlobalSection(SolutionProperties) = preSolution
		HideSolutionNode = FALSE
	EndGlobalSection
	GlobalSection(ExtensibilityGlobals) = postSolution
		SolutionGuid = {2233BFD3-5E0B-48CB-80B9-734ADD8FE1E0}
	EndGlobalSection
EndGlobal
