
Microsoft Visual Studio Solution File, Format Version 12.00
# Visual Studio Version 17
VisualStudioVersion = 17.7.34024.191
MinimumVisualStudioVersion = 10.0.40219.1
Project("{FAE04EC0-301F-11D3-BF4B-00C04F79EFBC}") = "AnonymousMethod", "AnonymousMethod\AnonymousMethod.csproj", "{0CB5D299-D44A-4AE3-9766-C9329714943E}"
EndProject
Global
	GlobalSection(SolutionConfigurationPlatforms) = preSolution
		Debug|Any CPU = Debug|Any CPU
		Release|Any CPU = Release|Any CPU
	EndGlobalSection
	GlobalSection(ProjectConfigurationPlatforms) = postSolution
		{0CB5D299-D44A-4AE3-9766-C9329714943E}.Debug|Any CPU.ActiveCfg = Debug|Any CPU
		{0CB5D299-D44A-4AE3-9766-C9329714943E}.Debug|Any CPU.Build.0 = Debug|Any CPU
		{0CB5D299-D44A-4AE3-9766-C9329714943E}.Release|Any CPU.ActiveCfg = Release|Any CPU
		{0CB5D299-D44A-4AE3-9766-C9329714943E}.Release|Any CPU.Build.0 = Release|Any CPU
	EndGlobalSection
	GlobalSection(SolutionProperties) = preSolution
		HideSolutionNode = FALSE
	EndGlobalSection
	GlobalSection(ExtensibilityGlobals) = postSolution
		SolutionGuid = {2151822D-9487-4149-BD39-CA3AE4F9E0C6}
	EndGlobalSection
EndGlobal
