
Microsoft Visual Studio Solution File, Format Version 12.00
# Visual Studio Version 17
VisualStudioVersion = 17.7.34024.191
MinimumVisualStudioVersion = 10.0.40219.1
Project("{FAE04EC0-301F-11D3-BF4B-00C04F79EFBC}") = "ClaslsToString", "ClaslsToString\ClaslsToString.csproj", "{CBD2CA50-F66A-41EE-8172-4E85A6A7DFC1}"
EndProject
Global
	GlobalSection(SolutionConfigurationPlatforms) = preSolution
		Debug|Any CPU = Debug|Any CPU
		Release|Any CPU = Release|Any CPU
	EndGlobalSection
	GlobalSection(ProjectConfigurationPlatforms) = postSolution
		{CBD2CA50-F66A-41EE-8172-4E85A6A7DFC1}.Debug|Any CPU.ActiveCfg = Debug|Any CPU
		{CBD2CA50-F66A-41EE-8172-4E85A6A7DFC1}.Debug|Any CPU.Build.0 = Debug|Any CPU
		{CBD2CA50-F66A-41EE-8172-4E85A6A7DFC1}.Release|Any CPU.ActiveCfg = Release|Any CPU
		{CBD2CA50-F66A-41EE-8172-4E85A6A7DFC1}.Release|Any CPU.Build.0 = Release|Any CPU
	EndGlobalSection
	GlobalSection(SolutionProperties) = preSolution
		HideSolutionNode = FALSE
	EndGlobalSection
	GlobalSection(ExtensibilityGlobals) = postSolution
		SolutionGuid = {2C599096-CC00-4242-9922-B581F41EBDA5}
	EndGlobalSection
EndGlobal
