
Microsoft Visual Studio Solution File, Format Version 12.00
# Visual Studio Version 17
VisualStudioVersion = 17.7.34024.191
MinimumVisualStudioVersion = 10.0.40219.1
Project("{FAE04EC0-301F-11D3-BF4B-00C04F79EFBC}") = "MethodOverloadNumber", "MethodOverloadNumber\MethodOverloadNumber.csproj", "{4954AE69-F6C7-4D9D-B7B4-0D79215E913B}"
EndProject
Global
	GlobalSection(SolutionConfigurationPlatforms) = preSolution
		Debug|Any CPU = Debug|Any CPU
		Release|Any CPU = Release|Any CPU
	EndGlobalSection
	GlobalSection(ProjectConfigurationPlatforms) = postSolution
		{4954AE69-F6C7-4D9D-B7B4-0D79215E913B}.Debug|Any CPU.ActiveCfg = Debug|Any CPU
		{4954AE69-F6C7-4D9D-B7B4-0D79215E913B}.Debug|Any CPU.Build.0 = Debug|Any CPU
		{4954AE69-F6C7-4D9D-B7B4-0D79215E913B}.Release|Any CPU.ActiveCfg = Release|Any CPU
		{4954AE69-F6C7-4D9D-B7B4-0D79215E913B}.Release|Any CPU.Build.0 = Release|Any CPU
	EndGlobalSection
	GlobalSection(SolutionProperties) = preSolution
		HideSolutionNode = FALSE
	EndGlobalSection
	GlobalSection(ExtensibilityGlobals) = postSolution
		SolutionGuid = {01334052-103C-4A55-9584-28DAA8014257}
	EndGlobalSection
EndGlobal
