
Microsoft Visual Studio Solution File, Format Version 12.00
# Visual Studio Version 17
VisualStudioVersion = 17.7.34024.191
MinimumVisualStudioVersion = 10.0.40219.1
Project("{FAE04EC0-301F-11D3-BF4B-00C04F79EFBC}") = "PolymorphismDemo", "PolymorphismDemo\PolymorphismDemo.csproj", "{CA64D8C8-A3DD-4CC8-B8F7-7DE0B1123C3D}"
EndProject
Global
	GlobalSection(SolutionConfigurationPlatforms) = preSolution
		Debug|Any CPU = Debug|Any CPU
		Release|Any CPU = Release|Any CPU
	EndGlobalSection
	GlobalSection(ProjectConfigurationPlatforms) = postSolution
		{CA64D8C8-A3DD-4CC8-B8F7-7DE0B1123C3D}.Debug|Any CPU.ActiveCfg = Debug|Any CPU
		{CA64D8C8-A3DD-4CC8-B8F7-7DE0B1123C3D}.Debug|Any CPU.Build.0 = Debug|Any CPU
		{CA64D8C8-A3DD-4CC8-B8F7-7DE0B1123C3D}.Release|Any CPU.ActiveCfg = Release|Any CPU
		{CA64D8C8-A3DD-4CC8-B8F7-7DE0B1123C3D}.Release|Any CPU.Build.0 = Release|Any CPU
	EndGlobalSection
	GlobalSection(SolutionProperties) = preSolution
		HideSolutionNode = FALSE
	EndGlobalSection
	GlobalSection(ExtensibilityGlobals) = postSolution
		SolutionGuid = {AAA1B06A-9ACC-4A10-AC5F-23B30FC57952}
	EndGlobalSection
EndGlobal
