
Microsoft Visual Studio Solution File, Format Version 12.00
# Visual Studio Version 17
VisualStudioVersion = 17.7.34024.191
MinimumVisualStudioVersion = 10.0.40219.1
Project("{FAE04EC0-301F-11D3-BF4B-00C04F79EFBC}") = "TypeConversion", "TypeConversion\TypeConversion.csproj", "{2B53B0FB-E40B-4006-ACC9-0F0543D0BD26}"
EndProject
Global
	GlobalSection(SolutionConfigurationPlatforms) = preSolution
		Debug|Any CPU = Debug|Any CPU
		Release|Any CPU = Release|Any CPU
	EndGlobalSection
	GlobalSection(ProjectConfigurationPlatforms) = postSolution
		{2B53B0FB-E40B-4006-ACC9-0F0543D0BD26}.Debug|Any CPU.ActiveCfg = Debug|Any CPU
		{2B53B0FB-E40B-4006-ACC9-0F0543D0BD26}.Debug|Any CPU.Build.0 = Debug|Any CPU
		{2B53B0FB-E40B-4006-ACC9-0F0543D0BD26}.Release|Any CPU.ActiveCfg = Release|Any CPU
		{2B53B0FB-E40B-4006-ACC9-0F0543D0BD26}.Release|Any CPU.Build.0 = Release|Any CPU
	EndGlobalSection
	GlobalSection(SolutionProperties) = preSolution
		HideSolutionNode = FALSE
	EndGlobalSection
	GlobalSection(ExtensibilityGlobals) = postSolution
		SolutionGuid = {5B287C23-6496-40FF-99B1-7DF7C52E67BF}
	EndGlobalSection
EndGlobal
