
Microsoft Visual Studio Solution File, Format Version 12.00
# Visual Studio Version 17
VisualStudioVersion = 17.7.34024.191
MinimumVisualStudioVersion = 10.0.40219.1
Project("{FAE04EC0-301F-11D3-BF4B-00C04F79EFBC}") = "IndexerNote", "IndexerNote\IndexerNote.csproj", "{D232BB8C-E52D-461E-8EF2-1E11CA1ED0BB}"
EndProject
Global
	GlobalSection(SolutionConfigurationPlatforms) = preSolution
		Debug|Any CPU = Debug|Any CPU
		Release|Any CPU = Release|Any CPU
	EndGlobalSection
	GlobalSection(ProjectConfigurationPlatforms) = postSolution
		{D232BB8C-E52D-461E-8EF2-1E11CA1ED0BB}.Debug|Any CPU.ActiveCfg = Debug|Any CPU
		{D232BB8C-E52D-461E-8EF2-1E11CA1ED0BB}.Debug|Any CPU.Build.0 = Debug|Any CPU
		{D232BB8C-E52D-461E-8EF2-1E11CA1ED0BB}.Release|Any CPU.ActiveCfg = Release|Any CPU
		{D232BB8C-E52D-461E-8EF2-1E11CA1ED0BB}.Release|Any CPU.Build.0 = Release|Any CPU
	EndGlobalSection
	GlobalSection(SolutionProperties) = preSolution
		HideSolutionNode = FALSE
	EndGlobalSection
	GlobalSection(ExtensibilityGlobals) = postSolution
		SolutionGuid = {151F3B40-B122-4E90-8DB0-66267A55FECA}
	EndGlobalSection
EndGlobal
