
Microsoft Visual Studio Solution File, Format Version 12.00
# Visual Studio Version 17
VisualStudioVersion = 17.7.34024.191
MinimumVisualStudioVersion = 10.0.40219.1
Project("{FAE04EC0-301F-11D3-BF4B-00C04F79EFBC}") = "Map", "Map\Map.csproj", "{2EA369E6-6A8D-4353-80BE-DD31B116201D}"
EndProject
Global
	GlobalSection(SolutionConfigurationPlatforms) = preSolution
		Debug|Any CPU = Debug|Any CPU
		Release|Any CPU = Release|Any CPU
	EndGlobalSection
	GlobalSection(ProjectConfigurationPlatforms) = postSolution
		{2EA369E6-6A8D-4353-80BE-DD31B116201D}.Debug|Any CPU.ActiveCfg = Debug|Any CPU
		{2EA369E6-6A8D-4353-80BE-DD31B116201D}.Debug|Any CPU.Build.0 = Debug|Any CPU
		{2EA369E6-6A8D-4353-80BE-DD31B116201D}.Release|Any CPU.ActiveCfg = Release|Any CPU
		{2EA369E6-6A8D-4353-80BE-DD31B116201D}.Release|Any CPU.Build.0 = Release|Any CPU
	EndGlobalSection
	GlobalSection(SolutionProperties) = preSolution
		HideSolutionNode = FALSE
	EndGlobalSection
	GlobalSection(ExtensibilityGlobals) = postSolution
		SolutionGuid = {974B3A7D-0152-4206-B117-0E79F602C919}
	EndGlobalSection
EndGlobal
