
Microsoft Visual Studio Solution File, Format Version 12.00
# Visual Studio Version 17
VisualStudioVersion = 17.7.34024.191
MinimumVisualStudioVersion = 10.0.40219.1
Project("{FAE04EC0-301F-11D3-BF4B-00C04F79EFBC}") = "SeeSharp.Eight", "SeeSharp.Eight\SeeSharp.Eight.csproj", "{7F331894-4BA7-4EEB-8260-1E27602B9C13}"
EndProject
Global
	GlobalSection(SolutionConfigurationPlatforms) = preSolution
		Debug|Any CPU = Debug|Any CPU
		Release|Any CPU = Release|Any CPU
	EndGlobalSection
	GlobalSection(ProjectConfigurationPlatforms) = postSolution
		{7F331894-4BA7-4EEB-8260-1E27602B9C13}.Debug|Any CPU.ActiveCfg = Debug|Any CPU
		{7F331894-4BA7-4EEB-8260-1E27602B9C13}.Debug|Any CPU.Build.0 = Debug|Any CPU
		{7F331894-4BA7-4EEB-8260-1E27602B9C13}.Release|Any CPU.ActiveCfg = Release|Any CPU
		{7F331894-4BA7-4EEB-8260-1E27602B9C13}.Release|Any CPU.Build.0 = Release|Any CPU
	EndGlobalSection
	GlobalSection(SolutionProperties) = preSolution
		HideSolutionNode = FALSE
	EndGlobalSection
	GlobalSection(ExtensibilityGlobals) = postSolution
		SolutionGuid = {F37AD4EE-AE55-4DFF-B21C-C7900B6C1553}
	EndGlobalSection
EndGlobal
