
Microsoft Visual Studio Solution File, Format Version 12.00
# Visual Studio Version 17
VisualStudioVersion = 17.7.34024.191
MinimumVisualStudioVersion = 10.0.40219.1
Project("{FAE04EC0-301F-11D3-BF4B-00C04F79EFBC}") = "ArrayOne1", "ArrayOne1\ArrayOne1.csproj", "{6071886D-32A3-4CCC-B305-8E72A30D7BCA}"
EndProject
Global
	GlobalSection(SolutionConfigurationPlatforms) = preSolution
		Debug|Any CPU = Debug|Any CPU
		Release|Any CPU = Release|Any CPU
	EndGlobalSection
	GlobalSection(ProjectConfigurationPlatforms) = postSolution
		{6071886D-32A3-4CCC-B305-8E72A30D7BCA}.Debug|Any CPU.ActiveCfg = Debug|Any CPU
		{6071886D-32A3-4CCC-B305-8E72A30D7BCA}.Debug|Any CPU.Build.0 = Debug|Any CPU
		{6071886D-32A3-4CCC-B305-8E72A30D7BCA}.Release|Any CPU.ActiveCfg = Release|Any CPU
		{6071886D-32A3-4CCC-B305-8E72A30D7BCA}.Release|Any CPU.Build.0 = Release|Any CPU
	EndGlobalSection
	GlobalSection(SolutionProperties) = preSolution
		HideSolutionNode = FALSE
	EndGlobalSection
	GlobalSection(ExtensibilityGlobals) = postSolution
		SolutionGuid = {B0087639-86D2-4109-A03F-E5585E99BA60}
	EndGlobalSection
EndGlobal
