
Microsoft Visual Studio Solution File, Format Version 12.00
# Visual Studio Version 17
VisualStudioVersion = 17.7.34024.191
MinimumVisualStudioVersion = 10.0.40219.1
Project("{FAE04EC0-301F-11D3-BF4B-00C04F79EFBC}") = "CharacterDemo.cs", "CharacterDemo.cs\CharacterDemo.cs.csproj", "{64AD8EA5-2D69-4C4B-BBE5-BF570F7A0357}"
EndProject
Global
	GlobalSection(SolutionConfigurationPlatforms) = preSolution
		Debug|Any CPU = Debug|Any CPU
		Release|Any CPU = Release|Any CPU
	EndGlobalSection
	GlobalSection(ProjectConfigurationPlatforms) = postSolution
		{64AD8EA5-2D69-4C4B-BBE5-BF570F7A0357}.Debug|Any CPU.ActiveCfg = Debug|Any CPU
		{64AD8EA5-2D69-4C4B-BBE5-BF570F7A0357}.Debug|Any CPU.Build.0 = Debug|Any CPU
		{64AD8EA5-2D69-4C4B-BBE5-BF570F7A0357}.Release|Any CPU.ActiveCfg = Release|Any CPU
		{64AD8EA5-2D69-4C4B-BBE5-BF570F7A0357}.Release|Any CPU.Build.0 = Release|Any CPU
	EndGlobalSection
	GlobalSection(SolutionProperties) = preSolution
		HideSolutionNode = FALSE
	EndGlobalSection
	GlobalSection(ExtensibilityGlobals) = postSolution
		SolutionGuid = {AF2E4974-1FA9-464D-BA72-B0D05678696F}
	EndGlobalSection
EndGlobal
