
Microsoft Visual Studio Solution File, Format Version 12.00
# Visual Studio Version 17
VisualStudioVersion = 17.7.34024.191
MinimumVisualStudioVersion = 10.0.40219.1
Project("{FAE04EC0-301F-11D3-BF4B-00C04F79EFBC}") = "Environmentexit", "Environmentexit\Environmentexit.csproj", "{90030042-0874-41FB-BDE2-3E8011FF5B30}"
EndProject
Global
	GlobalSection(SolutionConfigurationPlatforms) = preSolution
		Debug|Any CPU = Debug|Any CPU
		Release|Any CPU = Release|Any CPU
	EndGlobalSection
	GlobalSection(ProjectConfigurationPlatforms) = postSolution
		{90030042-0874-41FB-BDE2-3E8011FF5B30}.Debug|Any CPU.ActiveCfg = Debug|Any CPU
		{90030042-0874-41FB-BDE2-3E8011FF5B30}.Debug|Any CPU.Build.0 = Debug|Any CPU
		{90030042-0874-41FB-BDE2-3E8011FF5B30}.Release|Any CPU.ActiveCfg = Release|Any CPU
		{90030042-0874-41FB-BDE2-3E8011FF5B30}.Release|Any CPU.Build.0 = Release|Any CPU
	EndGlobalSection
	GlobalSection(SolutionProperties) = preSolution
		HideSolutionNode = FALSE
	EndGlobalSection
	GlobalSection(ExtensibilityGlobals) = postSolution
		SolutionGuid = {80CF2116-0669-4C54-9F9A-7632B47F4206}
	EndGlobalSection
EndGlobal
