
Microsoft Visual Studio Solution File, Format Version 12.00
# Visual Studio Version 17
VisualStudioVersion = 17.7.34024.191
MinimumVisualStudioVersion = 10.0.40219.1
Project("{FAE04EC0-301F-11D3-BF4B-00C04F79EFBC}") = "FunctionCall", "FunctionCall\FunctionCall.csproj", "{601B67DF-D572-43A1-B334-7212750F63B5}"
EndProject
Global
	GlobalSection(SolutionConfigurationPlatforms) = preSolution
		Debug|Any CPU = Debug|Any CPU
		Release|Any CPU = Release|Any CPU
	EndGlobalSection
	GlobalSection(ProjectConfigurationPlatforms) = postSolution
		{601B67DF-D572-43A1-B334-7212750F63B5}.Debug|Any CPU.ActiveCfg = Debug|Any CPU
		{601B67DF-D572-43A1-B334-7212750F63B5}.Debug|Any CPU.Build.0 = Debug|Any CPU
		{601B67DF-D572-43A1-B334-7212750F63B5}.Release|Any CPU.ActiveCfg = Release|Any CPU
		{601B67DF-D572-43A1-B334-7212750F63B5}.Release|Any CPU.Build.0 = Release|Any CPU
	EndGlobalSection
	GlobalSection(SolutionProperties) = preSolution
		HideSolutionNode = FALSE
	EndGlobalSection
	GlobalSection(ExtensibilityGlobals) = postSolution
		SolutionGuid = {F969F8CF-3D83-4761-B7D0-7FFFF49FBB34}
	EndGlobalSection
EndGlobal
