
Microsoft Visual Studio Solution File, Format Version 12.00
# Visual Studio Version 17
VisualStudioVersion = 17.7.34024.191
MinimumVisualStudioVersion = 10.0.40219.1
Project("{FAE04EC0-301F-11D3-BF4B-00C04F79EFBC}") = "LinqSum", "LinqSum\LinqSum.csproj", "{A90B4997-2D98-4781-8B76-4844CF692638}"
EndProject
Global
	GlobalSection(SolutionConfigurationPlatforms) = preSolution
		Debug|Any CPU = Debug|Any CPU
		Release|Any CPU = Release|Any CPU
	EndGlobalSection
	GlobalSection(ProjectConfigurationPlatforms) = postSolution
		{A90B4997-2D98-4781-8B76-4844CF692638}.Debug|Any CPU.ActiveCfg = Debug|Any CPU
		{A90B4997-2D98-4781-8B76-4844CF692638}.Debug|Any CPU.Build.0 = Debug|Any CPU
		{A90B4997-2D98-4781-8B76-4844CF692638}.Release|Any CPU.ActiveCfg = Release|Any CPU
		{A90B4997-2D98-4781-8B76-4844CF692638}.Release|Any CPU.Build.0 = Release|Any CPU
	EndGlobalSection
	GlobalSection(SolutionProperties) = preSolution
		HideSolutionNode = FALSE
	EndGlobalSection
	GlobalSection(ExtensibilityGlobals) = postSolution
		SolutionGuid = {B95AD9B4-2FD7-46EF-AA2D-A342E4216BE1}
	EndGlobalSection
EndGlobal
