
Microsoft Visual Studio Solution File, Format Version 12.00
# Visual Studio Version 17
VisualStudioVersion = 17.7.34024.191
MinimumVisualStudioVersion = 10.0.40219.1
Project("{FAE04EC0-301F-11D3-BF4B-00C04F79EFBC}") = "BooleanDemo", "BooleanDemo\BooleanDemo.csproj", "{34599CBC-6659-472D-B28C-C1FDAE656890}"
EndProject
Global
	GlobalSection(SolutionConfigurationPlatforms) = preSolution
		Debug|Any CPU = Debug|Any CPU
		Release|Any CPU = Release|Any CPU
	EndGlobalSection
	GlobalSection(ProjectConfigurationPlatforms) = postSolution
		{34599CBC-6659-472D-B28C-C1FDAE656890}.Debug|Any CPU.ActiveCfg = Debug|Any CPU
		{34599CBC-6659-472D-B28C-C1FDAE656890}.Debug|Any CPU.Build.0 = Debug|Any CPU
		{34599CBC-6659-472D-B28C-C1FDAE656890}.Release|Any CPU.ActiveCfg = Release|Any CPU
		{34599CBC-6659-472D-B28C-C1FDAE656890}.Release|Any CPU.Build.0 = Release|Any CPU
	EndGlobalSection
	GlobalSection(SolutionProperties) = preSolution
		HideSolutionNode = FALSE
	EndGlobalSection
	GlobalSection(ExtensibilityGlobals) = postSolution
		SolutionGuid = {2B66E020-1C76-4185-A6FC-C77B9BDEF723}
	EndGlobalSection
EndGlobal
