
Microsoft Visual Studio Solution File, Format Version 12.00
# Visual Studio Version 17
VisualStudioVersion = 17.7.34024.191
MinimumVisualStudioVersion = 10.0.40219.1
Project("{FAE04EC0-301F-11D3-BF4B-00C04F79EFBC}") = "StringBuilderPerformance", "StringBuilderPerformance\StringBuilderPerformance.csproj", "{AE48F44F-BCE5-4907-9285-BAE8113CD0B9}"
EndProject
Global
	GlobalSection(SolutionConfigurationPlatforms) = preSolution
		Debug|Any CPU = Debug|Any CPU
		Release|Any CPU = Release|Any CPU
	EndGlobalSection
	GlobalSection(ProjectConfigurationPlatforms) = postSolution
		{AE48F44F-BCE5-4907-9285-BAE8113CD0B9}.Debug|Any CPU.ActiveCfg = Debug|Any CPU
		{AE48F44F-BCE5-4907-9285-BAE8113CD0B9}.Debug|Any CPU.Build.0 = Debug|Any CPU
		{AE48F44F-BCE5-4907-9285-BAE8113CD0B9}.Release|Any CPU.ActiveCfg = Release|Any CPU
		{AE48F44F-BCE5-4907-9285-BAE8113CD0B9}.Release|Any CPU.Build.0 = Release|Any CPU
	EndGlobalSection
	GlobalSection(SolutionProperties) = preSolution
		HideSolutionNode = FALSE
	EndGlobalSection
	GlobalSection(ExtensibilityGlobals) = postSolution
		SolutionGuid = {46729D95-02B1-4504-B0AA-9C46D9D71824}
	EndGlobalSection
EndGlobal
